# This file is autogenerated, do not edit; changes may be undone by the next 'dep ensure'.


[[projects]]
  digest = "1:e86d7186c7a710431b2f6b6679efa739026950436374dcd64939c0d631ee134c"
  name = "github.com/NebulousLabs/hdkey"
  packages = [
    "eckey",
    "schnorr",
    "util",
  ]
  pruneopts = "UT"
  revision = "aee6f80cd15d714ed7bffbb947b61ff563760859"

[[projects]]
  digest = "1:c0decf632843204d2b8781de7b26e7038584e2dcccc7e2f401e88ae85b1df2b7"
  name = "github.com/btcsuite/btcd"
  packages = ["btcec"]
  pruneopts = "UT"
  revision = "2a560b2036bee5e3679ec2133eb6520b2f195213"

[[projects]]
  digest = "1:26dba2ebb825dc62e7623c76926e2305cbc18d5b13b002c805d4d54efd77499e"
  name = "github.com/roasbeef/go-go-gadget-paillier"
  packages = ["."]
  pruneopts = "UT"
  revision = "14f1f86b60008ece97b6233ed246373e555fc79f"

[solve-meta]
  analyzer-name = "dep"
  analyzer-version = 1
  input-imports = [
    "github.com/NebulousLabs/hdkey/eckey",
    "github.com/NebulousLabs/hdkey/schnorr",
    "github.com/btcsuite/btcd/btcec",
    "github.com/roasbeef/go-go-gadget-paillier",
  ]
  solver-name = "gps-cdcl"
  solver-version = 1
